
Microsoft Visual Studio Solution File, Format Version 12.00
# Visual Studio Version 17
VisualStudioVersion = 17.3.32825.248
MinimumVisualStudioVersion = 10.0.40219.1
Project("{FAE04EC0-301F-11D3-BF4B-00C04F79EFBC}") = "Arrays_Programs", "Arrays_Programs\Arrays_Programs.csproj", "{4F7DAA1A-F9FB-4A17-BCCC-9FB2D61FF150}"
EndProject
Project("{FAE04EC0-301F-11D3-BF4B-00C04F79EFBC}") = "String_Array", "String_Array\String_Array.csproj", "{495DD7A6-A913-4F6F-B0A4-6C2CB0CFD7FF}"
EndProject
Global
	GlobalSection(SolutionConfigurationPlatforms) = preSolution
		Debug|Any CPU = Debug|Any CPU
		Release|Any CPU = Release|Any CPU
	EndGlobalSection
	GlobalSection(ProjectConfigurationPlatforms) = postSolution
		{4F7DAA1A-F9FB-4A17-BCCC-9FB2D61FF150}.Debug|Any CPU.ActiveCfg = Debug|Any CPU
		{4F7DAA1A-F9FB-4A17-BCCC-9FB2D61FF150}.Debug|Any CPU.Build.0 = Debug|Any CPU
		{4F7DAA1A-F9FB-4A17-BCCC-9FB2D61FF150}.Release|Any CPU.ActiveCfg = Release|Any CPU
		{4F7DAA1A-F9FB-4A17-BCCC-9FB2D61FF150}.Release|Any CPU.Build.0 = Release|Any CPU
		{495DD7A6-A913-4F6F-B0A4-6C2CB0CFD7FF}.Debug|Any CPU.ActiveCfg = Debug|Any CPU
		{495DD7A6-A913-4F6F-B0A4-6C2CB0CFD7FF}.Debug|Any CPU.Build.0 = Debug|Any CPU
		{495DD7A6-A913-4F6F-B0A4-6C2CB0CFD7FF}.Release|Any CPU.ActiveCfg = Release|Any CPU
		{495DD7A6-A913-4F6F-B0A4-6C2CB0CFD7FF}.Release|Any CPU.Build.0 = Release|Any CPU
	EndGlobalSection
	GlobalSection(SolutionProperties) = preSolution
		HideSolutionNode = FALSE
	EndGlobalSection
	GlobalSection(ExtensibilityGlobals) = postSolution
		SolutionGuid = {A12AA8E4-6030-4D83-BC55-0EFFA75985D9}
	EndGlobalSection
EndGlobal
